
Microsoft Visual Studio Solution File, Format Version 12.00
# Visual Studio 15
VisualStudioVersion = 15.0.27004.2009
MinimumVisualStudioVersion = 10.0.40219.1
Project("{2150E333-8FDC-42A3-9474-1A3956D46DE8}") = "1-Domains", "1-Domains", "{7B9CF735-4758-4B8C-BDEC-0B8169F5B1AE}"
EndProject
Project("{2150E333-8FDC-42A3-9474-1A3956D46DE8}") = "2-Applications", "2-Applications", "{B0E744B1-FF9C-498C-97C3-C2EC3B51FF1C}"
EndProject
Project("{2150E333-8FDC-42A3-9474-1A3956D46DE8}") = "3-Components", "3-Components", "{F9DE639A-58E2-499D-9159-B0CA9E72812B}"
EndProject
Project("{2150E333-8FDC-42A3-9474-1A3956D46DE8}") = "5-Views", "5-Views", "{23856A00-71B7-42FF-B3FB-0FF81F0B999C}"
EndProject
Project("{9A19103F-16F7-4668-BE54-9A1E7A4F7556}") = "CTPSYSTEM.Domain", "CTPSYSTEM.Domain\CTPSYSTEM.Domain.csproj", "{EDDA1422-3753-4104-8E4E-055E83B26D1F}"
EndProject
Project("{9A19103F-16F7-4668-BE54-9A1E7A4F7556}") = "CTPSYSTEM.Views.WebAPI", "CTPSYSTEM.Views.WebAPI\CTPSYSTEM.Views.WebAPI.csproj", "{26DCF2A2-56DA-42CB-A410-1099C62E0665}"
EndProject
Project("{FAE04EC0-301F-11D3-BF4B-00C04F79EFBC}") = "CTPSYSTEM.Views.WebSite", "CTPSYSTEM.Views.WebSite\CTPSYSTEM.Views.WebSite.csproj", "{C88B8263-1265-447A-8C8D-557D785D4A14}"
EndProject
Project("{9A19103F-16F7-4668-BE54-9A1E7A4F7556}") = "CTPSYSTEM.Database.EntityFramework", "CTPSYSTEM.Database.EntityFramework\CTPSYSTEM.Database.EntityFramework.csproj", "{88D6B2DB-EB1A-4E31-BF75-9303434A728D}"
EndProject
Project("{9A19103F-16F7-4668-BE54-9A1E7A4F7556}") = "CTPSYSTEM.Application", "CTPSYSTEM.Application\CTPSYSTEM.Application.csproj", "{19A7B66E-132C-4A2C-AA5C-9B2A6901BF2F}"
EndProject
Project("{2150E333-8FDC-42A3-9474-1A3956D46DE8}") = "4-Tests", "4-Tests", "{4B3FCD9C-CB3C-4439-9D32-1CB2EDA510CE}"
EndProject
Project("{9A19103F-16F7-4668-BE54-9A1E7A4F7556}") = "CTPSYSTEM.UnitTests", "CTPSYSTEM.UnitTests\CTPSYSTEM.UnitTests.csproj", "{D9973E8B-B0CB-412A-A192-7EA9997D752B}"
EndProject
Project("{9A19103F-16F7-4668-BE54-9A1E7A4F7556}") = "CTPSYSTEM.Database.Dapper", "CTPSYSTEM.Database.Dapper\CTPSYSTEM.Database.Dapper.csproj", "{187CD4FA-1B2A-4B00-B9E2-3F26A1D4E7A6}"
EndProject
Project("{2150E333-8FDC-42A3-9474-1A3956D46DE8}") = "DataBase", "DataBase", "{76BFEAC4-702B-4273-8A83-01A5C6BD7874}"
EndProject
Project("{00D1A9C2-B5F0-4AF3-8072-F6C62B433612}") = "CTPSYSTEM.DataBase", "CTPSYSTEM.DataBase\CTPSYSTEM.DataBase.sqlproj", "{D78B8DB1-D2C3-4E97-9F34-64D102FAC4F1}"
EndProject
Global
	GlobalSection(SolutionConfigurationPlatforms) = preSolution
		Debug|Any CPU = Debug|Any CPU
		Release|Any CPU = Release|Any CPU
	EndGlobalSection
	GlobalSection(ProjectConfigurationPlatforms) = postSolution
		{EDDA1422-3753-4104-8E4E-055E83B26D1F}.Debug|Any CPU.ActiveCfg = Debug|Any CPU
		{EDDA1422-3753-4104-8E4E-055E83B26D1F}.Debug|Any CPU.Build.0 = Debug|Any CPU
		{EDDA1422-3753-4104-8E4E-055E83B26D1F}.Release|Any CPU.ActiveCfg = Release|Any CPU
		{EDDA1422-3753-4104-8E4E-055E83B26D1F}.Release|Any CPU.Build.0 = Release|Any CPU
		{26DCF2A2-56DA-42CB-A410-1099C62E0665}.Debug|Any CPU.ActiveCfg = Debug|Any CPU
		{26DCF2A2-56DA-42CB-A410-1099C62E0665}.Debug|Any CPU.Build.0 = Debug|Any CPU
		{26DCF2A2-56DA-42CB-A410-1099C62E0665}.Release|Any CPU.ActiveCfg = Release|Any CPU
		{26DCF2A2-56DA-42CB-A410-1099C62E0665}.Release|Any CPU.Build.0 = Release|Any CPU
		{C88B8263-1265-447A-8C8D-557D785D4A14}.Debug|Any CPU.ActiveCfg = Debug|Any CPU
		{C88B8263-1265-447A-8C8D-557D785D4A14}.Debug|Any CPU.Build.0 = Debug|Any CPU
		{C88B8263-1265-447A-8C8D-557D785D4A14}.Release|Any CPU.ActiveCfg = Release|Any CPU
		{C88B8263-1265-447A-8C8D-557D785D4A14}.Release|Any CPU.Build.0 = Release|Any CPU
		{88D6B2DB-EB1A-4E31-BF75-9303434A728D}.Debug|Any CPU.ActiveCfg = Debug|Any CPU
		{88D6B2DB-EB1A-4E31-BF75-9303434A728D}.Debug|Any CPU.Build.0 = Debug|Any CPU
		{88D6B2DB-EB1A-4E31-BF75-9303434A728D}.Release|Any CPU.ActiveCfg = Release|Any CPU
		{88D6B2DB-EB1A-4E31-BF75-9303434A728D}.Release|Any CPU.Build.0 = Release|Any CPU
		{19A7B66E-132C-4A2C-AA5C-9B2A6901BF2F}.Debug|Any CPU.ActiveCfg = Debug|Any CPU
		{19A7B66E-132C-4A2C-AA5C-9B2A6901BF2F}.Debug|Any CPU.Build.0 = Debug|Any CPU
		{19A7B66E-132C-4A2C-AA5C-9B2A6901BF2F}.Release|Any CPU.ActiveCfg = Release|Any CPU
		{19A7B66E-132C-4A2C-AA5C-9B2A6901BF2F}.Release|Any CPU.Build.0 = Release|Any CPU
		{D9973E8B-B0CB-412A-A192-7EA9997D752B}.Debug|Any CPU.ActiveCfg = Debug|Any CPU
		{D9973E8B-B0CB-412A-A192-7EA9997D752B}.Debug|Any CPU.Build.0 = Debug|Any CPU
		{D9973E8B-B0CB-412A-A192-7EA9997D752B}.Release|Any CPU.ActiveCfg = Release|Any CPU
		{D9973E8B-B0CB-412A-A192-7EA9997D752B}.Release|Any CPU.Build.0 = Release|Any CPU
		{187CD4FA-1B2A-4B00-B9E2-3F26A1D4E7A6}.Debug|Any CPU.ActiveCfg = Debug|Any CPU
		{187CD4FA-1B2A-4B00-B9E2-3F26A1D4E7A6}.Debug|Any CPU.Build.0 = Debug|Any CPU
		{187CD4FA-1B2A-4B00-B9E2-3F26A1D4E7A6}.Release|Any CPU.ActiveCfg = Release|Any CPU
		{187CD4FA-1B2A-4B00-B9E2-3F26A1D4E7A6}.Release|Any CPU.Build.0 = Release|Any CPU
		{D78B8DB1-D2C3-4E97-9F34-64D102FAC4F1}.Debug|Any CPU.ActiveCfg = Debug|Any CPU
		{D78B8DB1-D2C3-4E97-9F34-64D102FAC4F1}.Debug|Any CPU.Build.0 = Debug|Any CPU
		{D78B8DB1-D2C3-4E97-9F34-64D102FAC4F1}.Debug|Any CPU.Deploy.0 = Debug|Any CPU
		{D78B8DB1-D2C3-4E97-9F34-64D102FAC4F1}.Release|Any CPU.ActiveCfg = Release|Any CPU
		{D78B8DB1-D2C3-4E97-9F34-64D102FAC4F1}.Release|Any CPU.Build.0 = Release|Any CPU
		{D78B8DB1-D2C3-4E97-9F34-64D102FAC4F1}.Release|Any CPU.Deploy.0 = Release|Any CPU
	EndGlobalSection
	GlobalSection(SolutionProperties) = preSolution
		HideSolutionNode = FALSE
	EndGlobalSection
	GlobalSection(NestedProjects) = preSolution
		{EDDA1422-3753-4104-8E4E-055E83B26D1F} = {7B9CF735-4758-4B8C-BDEC-0B8169F5B1AE}
		{26DCF2A2-56DA-42CB-A410-1099C62E0665} = {23856A00-71B7-42FF-B3FB-0FF81F0B999C}
		{C88B8263-1265-447A-8C8D-557D785D4A14} = {23856A00-71B7-42FF-B3FB-0FF81F0B999C}
		{88D6B2DB-EB1A-4E31-BF75-9303434A728D} = {F9DE639A-58E2-499D-9159-B0CA9E72812B}
		{19A7B66E-132C-4A2C-AA5C-9B2A6901BF2F} = {B0E744B1-FF9C-498C-97C3-C2EC3B51FF1C}
		{D9973E8B-B0CB-412A-A192-7EA9997D752B} = {4B3FCD9C-CB3C-4439-9D32-1CB2EDA510CE}
		{187CD4FA-1B2A-4B00-B9E2-3F26A1D4E7A6} = {F9DE639A-58E2-499D-9159-B0CA9E72812B}
		{76BFEAC4-702B-4273-8A83-01A5C6BD7874} = {F9DE639A-58E2-499D-9159-B0CA9E72812B}
		{D78B8DB1-D2C3-4E97-9F34-64D102FAC4F1} = {76BFEAC4-702B-4273-8A83-01A5C6BD7874}
	EndGlobalSection
	GlobalSection(ExtensibilityGlobals) = postSolution
		SolutionGuid = {C22B1322-FCA2-4EAE-B779-9BB8E13865C8}
	EndGlobalSection
EndGlobal
